
Microsoft Visual Studio Solution File, Format Version 12.00
# Visual Studio Version 17
VisualStudioVersion = 17.3.32804.467
MinimumVisualStudioVersion = 10.0.40219.1
Project("{9A19103F-16F7-4668-BE54-9A1E7A4F7556}") = "EntertainmentDorkWebpage", "EntertainmentDorkWebpage\EntertainmentDorkWebpage.csproj", "{96090667-3410-433C-9A57-6079B20B8AD5}"
EndProject
Global
	GlobalSection(SolutionConfigurationPlatforms) = preSolution
		Debug|Any CPU = Debug|Any CPU
		Release|Any CPU = Release|Any CPU
	EndGlobalSection
	GlobalSection(ProjectConfigurationPlatforms) = postSolution
		{96090667-3410-433C-9A57-6079B20B8AD5}.Debug|Any CPU.ActiveCfg = Debug|Any CPU
		{96090667-3410-433C-9A57-6079B20B8AD5}.Debug|Any CPU.Build.0 = Debug|Any CPU
		{96090667-3410-433C-9A57-6079B20B8AD5}.Release|Any CPU.ActiveCfg = Release|Any CPU
		{96090667-3410-433C-9A57-6079B20B8AD5}.Release|Any CPU.Build.0 = Release|Any CPU
	EndGlobalSection
	GlobalSection(SolutionProperties) = preSolution
		HideSolutionNode = FALSE
	EndGlobalSection
	GlobalSection(ExtensibilityGlobals) = postSolution
		SolutionGuid = {587445DA-0C3C-46F3-83B6-4C9D7B47017A}
	EndGlobalSection
EndGlobal
